
Microsoft Visual Studio Solution File, Format Version 12.00
# Visual Studio Version 16
VisualStudioVersion = 16.0.32106.194
MinimumVisualStudioVersion = 10.0.40219.1
Project("{FAE04EC0-301F-11D3-BF4B-00C04F79EFBC}") = "_01_Array_Init", "c_study\_01_Array_Init.csproj", "{E6D5269F-877F-4415-BE0B-BA0934F994F1}"
EndProject
Project("{FAE04EC0-301F-11D3-BF4B-00C04F79EFBC}") = "02_Array_Init2", "02_Array_Init2\02_Array_Init2.csproj", "{6E72DAAE-17A6-41AF-B2E7-40A7502E7549}"
EndProject
Project("{FAE04EC0-301F-11D3-BF4B-00C04F79EFBC}") = "03_Array_Multi", "03_Array_Multi\03_Array_Multi.csproj", "{70CB2DD0-853D-453E-82BF-32D95E365956}"
EndProject
Project("{FAE04EC0-301F-11D3-BF4B-00C04F79EFBC}") = "04_Array_Multi2", "04_Array_Multi2\04_Array_Multi2.csproj", "{021DB510-62D1-433E-AACE-D1E93DE5E905}"
EndProject
Project("{FAE04EC0-301F-11D3-BF4B-00C04F79EFBC}") = "05_Array_Flex", "05_Array_Flex\05_Array_Flex.csproj", "{CCEFDB88-1A71-4840-8BAA-F390F3417200}"
EndProject
Project("{FAE04EC0-301F-11D3-BF4B-00C04F79EFBC}") = "06_Array_Func1", "06_Array_Func1\06_Array_Func1.csproj", "{829E0F22-C119-4B1F-AEDE-D5C4F13B9A63}"
EndProject
Project("{FAE04EC0-301F-11D3-BF4B-00C04F79EFBC}") = "07_Array_Func2", "07_Array_Func2\07_Array_Func2.csproj", "{E1E39088-8748-4DC6-8369-4B981FBF0790}"
EndProject
Project("{FAE04EC0-301F-11D3-BF4B-00C04F79EFBC}") = "08_Array_Clear", "08_Array_Clear\08_Array_Clear.csproj", "{78F14CE6-11EC-48C6-8A49-414FFECFEC97}"
EndProject
Project("{FAE04EC0-301F-11D3-BF4B-00C04F79EFBC}") = "09_Check", "09_Check\09_Check.csproj", "{309EE35F-A3FB-4A62-AEA6-4A00E8F01304}"
EndProject
Project("{FAE04EC0-301F-11D3-BF4B-00C04F79EFBC}") = "10_CheckPoint", "10_CheckPoint\10_CheckPoint.csproj", "{D55AA460-F135-4548-BD7D-0B9C05A41567}"
EndProject
Project("{FAE04EC0-301F-11D3-BF4B-00C04F79EFBC}") = "11_Check", "11_Check\11_Check.csproj", "{FA9C33E6-CC15-4EB5-B6FD-FAEC7D139C3F}"
EndProject
Project("{FAE04EC0-301F-11D3-BF4B-00C04F79EFBC}") = "12_class", "12_class\12_class.csproj", "{945F00FB-7034-4309-A810-D1573A8F9323}"
EndProject
Project("{FAE04EC0-301F-11D3-BF4B-00C04F79EFBC}") = "13_Constructor", "13_Constructor\13_Constructor.csproj", "{BB594385-6021-41ED-A4FE-6E079936F9A3}"
EndProject
Project("{FAE04EC0-301F-11D3-BF4B-00C04F79EFBC}") = "14_this", "14_this\14_this.csproj", "{1BB2EC82-1531-4519-8BD3-4681FEC2A226}"
EndProject
Project("{FAE04EC0-301F-11D3-BF4B-00C04F79EFBC}") = "15_static", "15_static\15_static.csproj", "{D28825A9-CFF3-469D-8C44-E7A38BB2B710}"
EndProject
Project("{FAE04EC0-301F-11D3-BF4B-00C04F79EFBC}") = "16_class_parameter", "16_class_parameter\16_class_parameter.csproj", "{0D33664C-F267-45BB-8D15-2675BE09CE1C}"
EndProject
Project("{FAE04EC0-301F-11D3-BF4B-00C04F79EFBC}") = "17_classInheritance", "17_classInheritance\17_classInheritance.csproj", "{BBF613B6-BC92-462E-899B-29D2FE91E75C}"
EndProject
Project("{FAE04EC0-301F-11D3-BF4B-00C04F79EFBC}") = "18_classInheritance", "18_classInheritance\18_classInheritance.csproj", "{83982253-A19D-4468-BA2D-57E3AFC0C720}"
EndProject
Project("{FAE04EC0-301F-11D3-BF4B-00C04F79EFBC}") = "19_class_base", "19_class_base\19_class_base.csproj", "{065A7EFB-D894-4C55-A8E9-65BC041BEE94}"
EndProject
Project("{FAE04EC0-301F-11D3-BF4B-00C04F79EFBC}") = "20_as", "20_as\20_as.csproj", "{8BFCCF78-D355-47EE-866E-3AB8564DE027}"
EndProject
Project("{FAE04EC0-301F-11D3-BF4B-00C04F79EFBC}") = "21_override", "21_override\21_override.csproj", "{8C3F002D-55FE-46FD-A6BE-739C17EE9414}"
EndProject
Project("{FAE04EC0-301F-11D3-BF4B-00C04F79EFBC}") = "22_override2", "22_override2\22_override2.csproj", "{B18A2EF4-E29C-4FFB-B22C-C02F04ED073B}"
EndProject
Project("{FAE04EC0-301F-11D3-BF4B-00C04F79EFBC}") = "23_class_has_a", "23_class_has_a\23_class_has_a.csproj", "{DDB661A1-ABE2-4E67-BBE0-95CCCCB92D35}"
EndProject
Project("{FAE04EC0-301F-11D3-BF4B-00C04F79EFBC}") = "24_partial", "24_partial\24_partial.csproj", "{05A93EB7-C1B8-4330-A357-6F077C5B0983}"
EndProject
Project("{FAE04EC0-301F-11D3-BF4B-00C04F79EFBC}") = "25_extension", "25_extension\25_extension.csproj", "{F33B5326-D37B-4E21-B3FD-527434340E35}"
EndProject
Project("{FAE04EC0-301F-11D3-BF4B-00C04F79EFBC}") = "26_interface", "26_interface\26_interface.csproj", "{9635A70A-E25F-4615-9737-A49BCB44CF0C}"
EndProject
Project("{FAE04EC0-301F-11D3-BF4B-00C04F79EFBC}") = "27_abstract", "27_abstract\27_abstract.csproj", "{5B8C8AB0-B4C4-49CC-8D47-ED53093B67FD}"
EndProject
Project("{FAE04EC0-301F-11D3-BF4B-00C04F79EFBC}") = "28_property01", "28_property01\28_property01.csproj", "{306BEF7E-D21F-421F-A4A6-78A3DD65A250}"
EndProject
Project("{FAE04EC0-301F-11D3-BF4B-00C04F79EFBC}") = "29_property02", "29_property02\29_property02.csproj", "{0505ED27-65EB-4FB1-AE21-36504F844FA6}"
EndProject
Project("{FAE04EC0-301F-11D3-BF4B-00C04F79EFBC}") = "30_CheckPoint04", "30_CheckPoint04\30_CheckPoint04.csproj", "{DEB53AF6-3304-473C-AA08-9FD329B58834}"
EndProject
Project("{FAE04EC0-301F-11D3-BF4B-00C04F79EFBC}") = "01_DataStructure_stack", "01_DataStructure_stack\01_DataStructure_stack.csproj", "{831BD0CD-2202-41EA-88B9-7DDE7BE6FEB5}"
EndProject
Project("{FAE04EC0-301F-11D3-BF4B-00C04F79EFBC}") = "31_Check", "31_Check\31_Check.csproj", "{EDD5F749-6C91-4991-827B-4CB575B142F7}"
EndProject
Project("{FAE04EC0-301F-11D3-BF4B-00C04F79EFBC}") = "32_Check", "32_Check\32_Check.csproj", "{CA4791BA-42F2-46C9-9E43-A43B32CF8DC7}"
EndProject
Project("{FAE04EC0-301F-11D3-BF4B-00C04F79EFBC}") = "33_ArrayList", "33_ArrayList\33_ArrayList.csproj", "{85FF678A-7D3A-4094-8DAC-63276B5C854B}"
EndProject
Project("{FAE04EC0-301F-11D3-BF4B-00C04F79EFBC}") = "34_Queue", "34_Queue\34_Queue.csproj", "{6AEC2AB9-4917-4C0B-844B-B55AD371C99F}"
EndProject
Project("{FAE04EC0-301F-11D3-BF4B-00C04F79EFBC}") = "35_stack", "35_stack\35_stack.csproj", "{ABF94D89-0189-4166-9E42-46015C5F4B50}"
EndProject
Global
	GlobalSection(SolutionConfigurationPlatforms) = preSolution
		Debug|Any CPU = Debug|Any CPU
		Debug|x64 = Debug|x64
		Debug|x86 = Debug|x86
		Release|Any CPU = Release|Any CPU
		Release|x64 = Release|x64
		Release|x86 = Release|x86
	EndGlobalSection
	GlobalSection(ProjectConfigurationPlatforms) = postSolution
		{E6D5269F-877F-4415-BE0B-BA0934F994F1}.Debug|Any CPU.ActiveCfg = Debug|Any CPU
		{E6D5269F-877F-4415-BE0B-BA0934F994F1}.Debug|Any CPU.Build.0 = Debug|Any CPU
		{E6D5269F-877F-4415-BE0B-BA0934F994F1}.Debug|x64.ActiveCfg = Debug|Any CPU
		{E6D5269F-877F-4415-BE0B-BA0934F994F1}.Debug|x64.Build.0 = Debug|Any CPU
		{E6D5269F-877F-4415-BE0B-BA0934F994F1}.Debug|x86.ActiveCfg = Debug|Any CPU
		{E6D5269F-877F-4415-BE0B-BA0934F994F1}.Debug|x86.Build.0 = Debug|Any CPU
		{E6D5269F-877F-4415-BE0B-BA0934F994F1}.Release|Any CPU.ActiveCfg = Release|Any CPU
		{E6D5269F-877F-4415-BE0B-BA0934F994F1}.Release|Any CPU.Build.0 = Release|Any CPU
		{E6D5269F-877F-4415-BE0B-BA0934F994F1}.Release|x64.ActiveCfg = Release|Any CPU
		{E6D5269F-877F-4415-BE0B-BA0934F994F1}.Release|x64.Build.0 = Release|Any CPU
		{E6D5269F-877F-4415-BE0B-BA0934F994F1}.Release|x86.ActiveCfg = Release|Any CPU
		{E6D5269F-877F-4415-BE0B-BA0934F994F1}.Release|x86.Build.0 = Release|Any CPU
		{6E72DAAE-17A6-41AF-B2E7-40A7502E7549}.Debug|Any CPU.ActiveCfg = Debug|Any CPU
		{6E72DAAE-17A6-41AF-B2E7-40A7502E7549}.Debug|Any CPU.Build.0 = Debug|Any CPU
		{6E72DAAE-17A6-41AF-B2E7-40A7502E7549}.Debug|x64.ActiveCfg = Debug|Any CPU
		{6E72DAAE-17A6-41AF-B2E7-40A7502E7549}.Debug|x64.Build.0 = Debug|Any CPU
		{6E72DAAE-17A6-41AF-B2E7-40A7502E7549}.Debug|x86.ActiveCfg = Debug|Any CPU
		{6E72DAAE-17A6-41AF-B2E7-40A7502E7549}.Debug|x86.Build.0 = Debug|Any CPU
		{6E72DAAE-17A6-41AF-B2E7-40A7502E7549}.Release|Any CPU.ActiveCfg = Release|Any CPU
		{6E72DAAE-17A6-41AF-B2E7-40A7502E7549}.Release|Any CPU.Build.0 = Release|Any CPU
		{6E72DAAE-17A6-41AF-B2E7-40A7502E7549}.Release|x64.ActiveCfg = Release|Any CPU
		{6E72DAAE-17A6-41AF-B2E7-40A7502E7549}.Release|x64.Build.0 = Release|Any CPU
		{6E72DAAE-17A6-41AF-B2E7-40A7502E7549}.Release|x86.ActiveCfg = Release|Any CPU
		{6E72DAAE-17A6-41AF-B2E7-40A7502E7549}.Release|x86.Build.0 = Release|Any CPU
		{70CB2DD0-853D-453E-82BF-32D95E365956}.Debug|Any CPU.ActiveCfg = Debug|Any CPU
		{70CB2DD0-853D-453E-82BF-32D95E365956}.Debug|Any CPU.Build.0 = Debug|Any CPU
		{70CB2DD0-853D-453E-82BF-32D95E365956}.Debug|x64.ActiveCfg = Debug|Any CPU
		{70CB2DD0-853D-453E-82BF-32D95E365956}.Debug|x64.Build.0 = Debug|Any CPU
		{70CB2DD0-853D-453E-82BF-32D95E365956}.Debug|x86.ActiveCfg = Debug|Any CPU
		{70CB2DD0-853D-453E-82BF-32D95E365956}.Debug|x86.Build.0 = Debug|Any CPU
		{70CB2DD0-853D-453E-82BF-32D95E365956}.Release|Any CPU.ActiveCfg = Release|Any CPU
		{70CB2DD0-853D-453E-82BF-32D95E365956}.Release|Any CPU.Build.0 = Release|Any CPU
		{70CB2DD0-853D-453E-82BF-32D95E365956}.Release|x64.ActiveCfg = Release|Any CPU
		{70CB2DD0-853D-453E-82BF-32D95E365956}.Release|x64.Build.0 = Release|Any CPU
		{70CB2DD0-853D-453E-82BF-32D95E365956}.Release|x86.ActiveCfg = Release|Any CPU
		{70CB2DD0-853D-453E-82BF-32D95E365956}.Release|x86.Build.0 = Release|Any CPU
		{021DB510-62D1-433E-AACE-D1E93DE5E905}.Debug|Any CPU.ActiveCfg = Debug|Any CPU
		{021DB510-62D1-433E-AACE-D1E93DE5E905}.Debug|Any CPU.Build.0 = Debug|Any CPU
		{021DB510-62D1-433E-AACE-D1E93DE5E905}.Debug|x64.ActiveCfg = Debug|Any CPU
		{021DB510-62D1-433E-AACE-D1E93DE5E905}.Debug|x64.Build.0 = Debug|Any CPU
		{021DB510-62D1-433E-AACE-D1E93DE5E905}.Debug|x86.ActiveCfg = Debug|Any CPU
		{021DB510-62D1-433E-AACE-D1E93DE5E905}.Debug|x86.Build.0 = Debug|Any CPU
		{021DB510-62D1-433E-AACE-D1E93DE5E905}.Release|Any CPU.ActiveCfg = Release|Any CPU
		{021DB510-62D1-433E-AACE-D1E93DE5E905}.Release|Any CPU.Build.0 = Release|Any CPU
		{021DB510-62D1-433E-AACE-D1E93DE5E905}.Release|x64.ActiveCfg = Release|Any CPU
		{021DB510-62D1-433E-AACE-D1E93DE5E905}.Release|x64.Build.0 = Release|Any CPU
		{021DB510-62D1-433E-AACE-D1E93DE5E905}.Release|x86.ActiveCfg = Release|Any CPU
		{021DB510-62D1-433E-AACE-D1E93DE5E905}.Release|x86.Build.0 = Release|Any CPU
		{CCEFDB88-1A71-4840-8BAA-F390F3417200}.Debug|Any CPU.ActiveCfg = Debug|Any CPU
		{CCEFDB88-1A71-4840-8BAA-F390F3417200}.Debug|Any CPU.Build.0 = Debug|Any CPU
		{CCEFDB88-1A71-4840-8BAA-F390F3417200}.Debug|x64.ActiveCfg = Debug|Any CPU
		{CCEFDB88-1A71-4840-8BAA-F390F3417200}.Debug|x64.Build.0 = Debug|Any CPU
		{CCEFDB88-1A71-4840-8BAA-F390F3417200}.Debug|x86.ActiveCfg = Debug|Any CPU
		{CCEFDB88-1A71-4840-8BAA-F390F3417200}.Debug|x86.Build.0 = Debug|Any CPU
		{CCEFDB88-1A71-4840-8BAA-F390F3417200}.Release|Any CPU.ActiveCfg = Release|Any CPU
		{CCEFDB88-1A71-4840-8BAA-F390F3417200}.Release|Any CPU.Build.0 = Release|Any CPU
		{CCEFDB88-1A71-4840-8BAA-F390F3417200}.Release|x64.ActiveCfg = Release|Any CPU
		{CCEFDB88-1A71-4840-8BAA-F390F3417200}.Release|x64.Build.0 = Release|Any CPU
		{CCEFDB88-1A71-4840-8BAA-F390F3417200}.Release|x86.ActiveCfg = Release|Any CPU
		{CCEFDB88-1A71-4840-8BAA-F390F3417200}.Release|x86.Build.0 = Release|Any CPU
		{829E0F22-C119-4B1F-AEDE-D5C4F13B9A63}.Debug|Any CPU.ActiveCfg = Debug|Any CPU
		{829E0F22-C119-4B1F-AEDE-D5C4F13B9A63}.Debug|Any CPU.Build.0 = Debug|Any CPU
		{829E0F22-C119-4B1F-AEDE-D5C4F13B9A63}.Debug|x64.ActiveCfg = Debug|Any CPU
		{829E0F22-C119-4B1F-AEDE-D5C4F13B9A63}.Debug|x64.Build.0 = Debug|Any CPU
		{829E0F22-C119-4B1F-AEDE-D5C4F13B9A63}.Debug|x86.ActiveCfg = Debug|Any CPU
		{829E0F22-C119-4B1F-AEDE-D5C4F13B9A63}.Debug|x86.Build.0 = Debug|Any CPU
		{829E0F22-C119-4B1F-AEDE-D5C4F13B9A63}.Release|Any CPU.ActiveCfg = Release|Any CPU
		{829E0F22-C119-4B1F-AEDE-D5C4F13B9A63}.Release|Any CPU.Build.0 = Release|Any CPU
		{829E0F22-C119-4B1F-AEDE-D5C4F13B9A63}.Release|x64.ActiveCfg = Release|Any CPU
		{829E0F22-C119-4B1F-AEDE-D5C4F13B9A63}.Release|x64.Build.0 = Release|Any CPU
		{829E0F22-C119-4B1F-AEDE-D5C4F13B9A63}.Release|x86.ActiveCfg = Release|Any CPU
		{829E0F22-C119-4B1F-AEDE-D5C4F13B9A63}.Release|x86.Build.0 = Release|Any CPU
		{E1E39088-8748-4DC6-8369-4B981FBF0790}.Debug|Any CPU.ActiveCfg = Debug|Any CPU
		{E1E39088-8748-4DC6-8369-4B981FBF0790}.Debug|Any CPU.Build.0 = Debug|Any CPU
		{E1E39088-8748-4DC6-8369-4B981FBF0790}.Debug|x64.ActiveCfg = Debug|Any CPU
		{E1E39088-8748-4DC6-8369-4B981FBF0790}.Debug|x64.Build.0 = Debug|Any CPU
		{E1E39088-8748-4DC6-8369-4B981FBF0790}.Debug|x86.ActiveCfg = Debug|Any CPU
		{E1E39088-8748-4DC6-8369-4B981FBF0790}.Debug|x86.Build.0 = Debug|Any CPU
		{E1E39088-8748-4DC6-8369-4B981FBF0790}.Release|Any CPU.ActiveCfg = Release|Any CPU
		{E1E39088-8748-4DC6-8369-4B981FBF0790}.Release|Any CPU.Build.0 = Release|Any CPU
		{E1E39088-8748-4DC6-8369-4B981FBF0790}.Release|x64.ActiveCfg = Release|Any CPU
		{E1E39088-8748-4DC6-8369-4B981FBF0790}.Release|x64.Build.0 = Release|Any CPU
		{E1E39088-8748-4DC6-8369-4B981FBF0790}.Release|x86.ActiveCfg = Release|Any CPU
		{E1E39088-8748-4DC6-8369-4B981FBF0790}.Release|x86.Build.0 = Release|Any CPU
		{78F14CE6-11EC-48C6-8A49-414FFECFEC97}.Debug|Any CPU.ActiveCfg = Debug|Any CPU
		{78F14CE6-11EC-48C6-8A49-414FFECFEC97}.Debug|Any CPU.Build.0 = Debug|Any CPU
		{78F14CE6-11EC-48C6-8A49-414FFECFEC97}.Debug|x64.ActiveCfg = Debug|Any CPU
		{78F14CE6-11EC-48C6-8A49-414FFECFEC97}.Debug|x64.Build.0 = Debug|Any CPU
		{78F14CE6-11EC-48C6-8A49-414FFECFEC97}.Debug|x86.ActiveCfg = Debug|Any CPU
		{78F14CE6-11EC-48C6-8A49-414FFECFEC97}.Debug|x86.Build.0 = Debug|Any CPU
		{78F14CE6-11EC-48C6-8A49-414FFECFEC97}.Release|Any CPU.ActiveCfg = Release|Any CPU
		{78F14CE6-11EC-48C6-8A49-414FFECFEC97}.Release|Any CPU.Build.0 = Release|Any CPU
		{78F14CE6-11EC-48C6-8A49-414FFECFEC97}.Release|x64.ActiveCfg = Release|Any CPU
		{78F14CE6-11EC-48C6-8A49-414FFECFEC97}.Release|x64.Build.0 = Release|Any CPU
		{78F14CE6-11EC-48C6-8A49-414FFECFEC97}.Release|x86.ActiveCfg = Release|Any CPU
		{78F14CE6-11EC-48C6-8A49-414FFECFEC97}.Release|x86.Build.0 = Release|Any CPU
		{309EE35F-A3FB-4A62-AEA6-4A00E8F01304}.Debug|Any CPU.ActiveCfg = Debug|Any CPU
		{309EE35F-A3FB-4A62-AEA6-4A00E8F01304}.Debug|Any CPU.Build.0 = Debug|Any CPU
		{309EE35F-A3FB-4A62-AEA6-4A00E8F01304}.Debug|x64.ActiveCfg = Debug|Any CPU
		{309EE35F-A3FB-4A62-AEA6-4A00E8F01304}.Debug|x64.Build.0 = Debug|Any CPU
		{309EE35F-A3FB-4A62-AEA6-4A00E8F01304}.Debug|x86.ActiveCfg = Debug|Any CPU
		{309EE35F-A3FB-4A62-AEA6-4A00E8F01304}.Debug|x86.Build.0 = Debug|Any CPU
		{309EE35F-A3FB-4A62-AEA6-4A00E8F01304}.Release|Any CPU.ActiveCfg = Release|Any CPU
		{309EE35F-A3FB-4A62-AEA6-4A00E8F01304}.Release|Any CPU.Build.0 = Release|Any CPU
		{309EE35F-A3FB-4A62-AEA6-4A00E8F01304}.Release|x64.ActiveCfg = Release|Any CPU
		{309EE35F-A3FB-4A62-AEA6-4A00E8F01304}.Release|x64.Build.0 = Release|Any CPU
		{309EE35F-A3FB-4A62-AEA6-4A00E8F01304}.Release|x86.ActiveCfg = Release|Any CPU
		{309EE35F-A3FB-4A62-AEA6-4A00E8F01304}.Release|x86.Build.0 = Release|Any CPU
		{D55AA460-F135-4548-BD7D-0B9C05A41567}.Debug|Any CPU.ActiveCfg = Debug|Any CPU
		{D55AA460-F135-4548-BD7D-0B9C05A41567}.Debug|Any CPU.Build.0 = Debug|Any CPU
		{D55AA460-F135-4548-BD7D-0B9C05A41567}.Debug|x64.ActiveCfg = Debug|Any CPU
		{D55AA460-F135-4548-BD7D-0B9C05A41567}.Debug|x64.Build.0 = Debug|Any CPU
		{D55AA460-F135-4548-BD7D-0B9C05A41567}.Debug|x86.ActiveCfg = Debug|Any CPU
		{D55AA460-F135-4548-BD7D-0B9C05A41567}.Debug|x86.Build.0 = Debug|Any CPU
		{D55AA460-F135-4548-BD7D-0B9C05A41567}.Release|Any CPU.ActiveCfg = Release|Any CPU
		{D55AA460-F135-4548-BD7D-0B9C05A41567}.Release|Any CPU.Build.0 = Release|Any CPU
		{D55AA460-F135-4548-BD7D-0B9C05A41567}.Release|x64.ActiveCfg = Release|Any CPU
		{D55AA460-F135-4548-BD7D-0B9C05A41567}.Release|x64.Build.0 = Release|Any CPU
		{D55AA460-F135-4548-BD7D-0B9C05A41567}.Release|x86.ActiveCfg = Release|Any CPU
		{D55AA460-F135-4548-BD7D-0B9C05A41567}.Release|x86.Build.0 = Release|Any CPU
		{FA9C33E6-CC15-4EB5-B6FD-FAEC7D139C3F}.Debug|Any CPU.ActiveCfg = Debug|Any CPU
		{FA9C33E6-CC15-4EB5-B6FD-FAEC7D139C3F}.Debug|Any CPU.Build.0 = Debug|Any CPU
		{FA9C33E6-CC15-4EB5-B6FD-FAEC7D139C3F}.Debug|x64.ActiveCfg = Debug|Any CPU
		{FA9C33E6-CC15-4EB5-B6FD-FAEC7D139C3F}.Debug|x64.Build.0 = Debug|Any CPU
		{FA9C33E6-CC15-4EB5-B6FD-FAEC7D139C3F}.Debug|x86.ActiveCfg = Debug|Any CPU
		{FA9C33E6-CC15-4EB5-B6FD-FAEC7D139C3F}.Debug|x86.Build.0 = Debug|Any CPU
		{FA9C33E6-CC15-4EB5-B6FD-FAEC7D139C3F}.Release|Any CPU.ActiveCfg = Release|Any CPU
		{FA9C33E6-CC15-4EB5-B6FD-FAEC7D139C3F}.Release|Any CPU.Build.0 = Release|Any CPU
		{FA9C33E6-CC15-4EB5-B6FD-FAEC7D139C3F}.Release|x64.ActiveCfg = Release|Any CPU
		{FA9C33E6-CC15-4EB5-B6FD-FAEC7D139C3F}.Release|x64.Build.0 = Release|Any CPU
		{FA9C33E6-CC15-4EB5-B6FD-FAEC7D139C3F}.Release|x86.ActiveCfg = Release|Any CPU
		{FA9C33E6-CC15-4EB5-B6FD-FAEC7D139C3F}.Release|x86.Build.0 = Release|Any CPU
		{945F00FB-7034-4309-A810-D1573A8F9323}.Debug|Any CPU.ActiveCfg = Debug|Any CPU
		{945F00FB-7034-4309-A810-D1573A8F9323}.Debug|Any CPU.Build.0 = Debug|Any CPU
		{945F00FB-7034-4309-A810-D1573A8F9323}.Debug|x64.ActiveCfg = Debug|Any CPU
		{945F00FB-7034-4309-A810-D1573A8F9323}.Debug|x64.Build.0 = Debug|Any CPU
		{945F00FB-7034-4309-A810-D1573A8F9323}.Debug|x86.ActiveCfg = Debug|Any CPU
		{945F00FB-7034-4309-A810-D1573A8F9323}.Debug|x86.Build.0 = Debug|Any CPU
		{945F00FB-7034-4309-A810-D1573A8F9323}.Release|Any CPU.ActiveCfg = Release|Any CPU
		{945F00FB-7034-4309-A810-D1573A8F9323}.Release|Any CPU.Build.0 = Release|Any CPU
		{945F00FB-7034-4309-A810-D1573A8F9323}.Release|x64.ActiveCfg = Release|Any CPU
		{945F00FB-7034-4309-A810-D1573A8F9323}.Release|x64.Build.0 = Release|Any CPU
		{945F00FB-7034-4309-A810-D1573A8F9323}.Release|x86.ActiveCfg = Release|Any CPU
		{945F00FB-7034-4309-A810-D1573A8F9323}.Release|x86.Build.0 = Release|Any CPU
		{BB594385-6021-41ED-A4FE-6E079936F9A3}.Debug|Any CPU.ActiveCfg = Debug|Any CPU
		{BB594385-6021-41ED-A4FE-6E079936F9A3}.Debug|Any CPU.Build.0 = Debug|Any CPU
		{BB594385-6021-41ED-A4FE-6E079936F9A3}.Debug|x64.ActiveCfg = Debug|Any CPU
		{BB594385-6021-41ED-A4FE-6E079936F9A3}.Debug|x64.Build.0 = Debug|Any CPU
		{BB594385-6021-41ED-A4FE-6E079936F9A3}.Debug|x86.ActiveCfg = Debug|Any CPU
		{BB594385-6021-41ED-A4FE-6E079936F9A3}.Debug|x86.Build.0 = Debug|Any CPU
		{BB594385-6021-41ED-A4FE-6E079936F9A3}.Release|Any CPU.ActiveCfg = Release|Any CPU
		{BB594385-6021-41ED-A4FE-6E079936F9A3}.Release|Any CPU.Build.0 = Release|Any CPU
		{BB594385-6021-41ED-A4FE-6E079936F9A3}.Release|x64.ActiveCfg = Release|Any CPU
		{BB594385-6021-41ED-A4FE-6E079936F9A3}.Release|x64.Build.0 = Release|Any CPU
		{BB594385-6021-41ED-A4FE-6E079936F9A3}.Release|x86.ActiveCfg = Release|Any CPU
		{BB594385-6021-41ED-A4FE-6E079936F9A3}.Release|x86.Build.0 = Release|Any CPU
		{1BB2EC82-1531-4519-8BD3-4681FEC2A226}.Debug|Any CPU.ActiveCfg = Debug|Any CPU
		{1BB2EC82-1531-4519-8BD3-4681FEC2A226}.Debug|Any CPU.Build.0 = Debug|Any CPU
		{1BB2EC82-1531-4519-8BD3-4681FEC2A226}.Debug|x64.ActiveCfg = Debug|Any CPU
		{1BB2EC82-1531-4519-8BD3-4681FEC2A226}.Debug|x64.Build.0 = Debug|Any CPU
		{1BB2EC82-1531-4519-8BD3-4681FEC2A226}.Debug|x86.ActiveCfg = Debug|Any CPU
		{1BB2EC82-1531-4519-8BD3-4681FEC2A226}.Debug|x86.Build.0 = Debug|Any CPU
		{1BB2EC82-1531-4519-8BD3-4681FEC2A226}.Release|Any CPU.ActiveCfg = Release|Any CPU
		{1BB2EC82-1531-4519-8BD3-4681FEC2A226}.Release|Any CPU.Build.0 = Release|Any CPU
		{1BB2EC82-1531-4519-8BD3-4681FEC2A226}.Release|x64.ActiveCfg = Release|Any CPU
		{1BB2EC82-1531-4519-8BD3-4681FEC2A226}.Release|x64.Build.0 = Release|Any CPU
		{1BB2EC82-1531-4519-8BD3-4681FEC2A226}.Release|x86.ActiveCfg = Release|Any CPU
		{1BB2EC82-1531-4519-8BD3-4681FEC2A226}.Release|x86.Build.0 = Release|Any CPU
		{D28825A9-CFF3-469D-8C44-E7A38BB2B710}.Debug|Any CPU.ActiveCfg = Debug|Any CPU
		{D28825A9-CFF3-469D-8C44-E7A38BB2B710}.Debug|Any CPU.Build.0 = Debug|Any CPU
		{D28825A9-CFF3-469D-8C44-E7A38BB2B710}.Debug|x64.ActiveCfg = Debug|Any CPU
		{D28825A9-CFF3-469D-8C44-E7A38BB2B710}.Debug|x64.Build.0 = Debug|Any CPU
		{D28825A9-CFF3-469D-8C44-E7A38BB2B710}.Debug|x86.ActiveCfg = Debug|Any CPU
		{D28825A9-CFF3-469D-8C44-E7A38BB2B710}.Debug|x86.Build.0 = Debug|Any CPU
		{D28825A9-CFF3-469D-8C44-E7A38BB2B710}.Release|Any CPU.ActiveCfg = Release|Any CPU
		{D28825A9-CFF3-469D-8C44-E7A38BB2B710}.Release|Any CPU.Build.0 = Release|Any CPU
		{D28825A9-CFF3-469D-8C44-E7A38BB2B710}.Release|x64.ActiveCfg = Release|Any CPU
		{D28825A9-CFF3-469D-8C44-E7A38BB2B710}.Release|x64.Build.0 = Release|Any CPU
		{D28825A9-CFF3-469D-8C44-E7A38BB2B710}.Release|x86.ActiveCfg = Release|Any CPU
		{D28825A9-CFF3-469D-8C44-E7A38BB2B710}.Release|x86.Build.0 = Release|Any CPU
		{0D33664C-F267-45BB-8D15-2675BE09CE1C}.Debug|Any CPU.ActiveCfg = Debug|Any CPU
		{0D33664C-F267-45BB-8D15-2675BE09CE1C}.Debug|Any CPU.Build.0 = Debug|Any CPU
		{0D33664C-F267-45BB-8D15-2675BE09CE1C}.Debug|x64.ActiveCfg = Debug|Any CPU
		{0D33664C-F267-45BB-8D15-2675BE09CE1C}.Debug|x64.Build.0 = Debug|Any CPU
		{0D33664C-F267-45BB-8D15-2675BE09CE1C}.Debug|x86.ActiveCfg = Debug|Any CPU
		{0D33664C-F267-45BB-8D15-2675BE09CE1C}.Debug|x86.Build.0 = Debug|Any CPU
		{0D33664C-F267-45BB-8D15-2675BE09CE1C}.Release|Any CPU.ActiveCfg = Release|Any CPU
		{0D33664C-F267-45BB-8D15-2675BE09CE1C}.Release|Any CPU.Build.0 = Release|Any CPU
		{0D33664C-F267-45BB-8D15-2675BE09CE1C}.Release|x64.ActiveCfg = Release|Any CPU
		{0D33664C-F267-45BB-8D15-2675BE09CE1C}.Release|x64.Build.0 = Release|Any CPU
		{0D33664C-F267-45BB-8D15-2675BE09CE1C}.Release|x86.ActiveCfg = Release|Any CPU
		{0D33664C-F267-45BB-8D15-2675BE09CE1C}.Release|x86.Build.0 = Release|Any CPU
		{BBF613B6-BC92-462E-899B-29D2FE91E75C}.Debug|Any CPU.ActiveCfg = Debug|Any CPU
		{BBF613B6-BC92-462E-899B-29D2FE91E75C}.Debug|Any CPU.Build.0 = Debug|Any CPU
		{BBF613B6-BC92-462E-899B-29D2FE91E75C}.Debug|x64.ActiveCfg = Debug|Any CPU
		{BBF613B6-BC92-462E-899B-29D2FE91E75C}.Debug|x64.Build.0 = Debug|Any CPU
		{BBF613B6-BC92-462E-899B-29D2FE91E75C}.Debug|x86.ActiveCfg = Debug|Any CPU
		{BBF613B6-BC92-462E-899B-29D2FE91E75C}.Debug|x86.Build.0 = Debug|Any CPU
		{BBF613B6-BC92-462E-899B-29D2FE91E75C}.Release|Any CPU.ActiveCfg = Release|Any CPU
		{BBF613B6-BC92-462E-899B-29D2FE91E75C}.Release|Any CPU.Build.0 = Release|Any CPU
		{BBF613B6-BC92-462E-899B-29D2FE91E75C}.Release|x64.ActiveCfg = Release|Any CPU
		{BBF613B6-BC92-462E-899B-29D2FE91E75C}.Release|x64.Build.0 = Release|Any CPU
		{BBF613B6-BC92-462E-899B-29D2FE91E75C}.Release|x86.ActiveCfg = Release|Any CPU
		{BBF613B6-BC92-462E-899B-29D2FE91E75C}.Release|x86.Build.0 = Release|Any CPU
		{83982253-A19D-4468-BA2D-57E3AFC0C720}.Debug|Any CPU.ActiveCfg = Debug|Any CPU
		{83982253-A19D-4468-BA2D-57E3AFC0C720}.Debug|Any CPU.Build.0 = Debug|Any CPU
		{83982253-A19D-4468-BA2D-57E3AFC0C720}.Debug|x64.ActiveCfg = Debug|Any CPU
		{83982253-A19D-4468-BA2D-57E3AFC0C720}.Debug|x64.Build.0 = Debug|Any CPU
		{83982253-A19D-4468-BA2D-57E3AFC0C720}.Debug|x86.ActiveCfg = Debug|Any CPU
		{83982253-A19D-4468-BA2D-57E3AFC0C720}.Debug|x86.Build.0 = Debug|Any CPU
		{83982253-A19D-4468-BA2D-57E3AFC0C720}.Release|Any CPU.ActiveCfg = Release|Any CPU
		{83982253-A19D-4468-BA2D-57E3AFC0C720}.Release|Any CPU.Build.0 = Release|Any CPU
		{83982253-A19D-4468-BA2D-57E3AFC0C720}.Release|x64.ActiveCfg = Release|Any CPU
		{83982253-A19D-4468-BA2D-57E3AFC0C720}.Release|x64.Build.0 = Release|Any CPU
		{83982253-A19D-4468-BA2D-57E3AFC0C720}.Release|x86.ActiveCfg = Release|Any CPU
		{83982253-A19D-4468-BA2D-57E3AFC0C720}.Release|x86.Build.0 = Release|Any CPU
		{065A7EFB-D894-4C55-A8E9-65BC041BEE94}.Debug|Any CPU.ActiveCfg = Debug|Any CPU
		{065A7EFB-D894-4C55-A8E9-65BC041BEE94}.Debug|Any CPU.Build.0 = Debug|Any CPU
		{065A7EFB-D894-4C55-A8E9-65BC041BEE94}.Debug|x64.ActiveCfg = Debug|Any CPU
		{065A7EFB-D894-4C55-A8E9-65BC041BEE94}.Debug|x64.Build.0 = Debug|Any CPU
		{065A7EFB-D894-4C55-A8E9-65BC041BEE94}.Debug|x86.ActiveCfg = Debug|Any CPU
		{065A7EFB-D894-4C55-A8E9-65BC041BEE94}.Debug|x86.Build.0 = Debug|Any CPU
		{065A7EFB-D894-4C55-A8E9-65BC041BEE94}.Release|Any CPU.ActiveCfg = Release|Any CPU
		{065A7EFB-D894-4C55-A8E9-65BC041BEE94}.Release|Any CPU.Build.0 = Release|Any CPU
		{065A7EFB-D894-4C55-A8E9-65BC041BEE94}.Release|x64.ActiveCfg = Release|Any CPU
		{065A7EFB-D894-4C55-A8E9-65BC041BEE94}.Release|x64.Build.0 = Release|Any CPU
		{065A7EFB-D894-4C55-A8E9-65BC041BEE94}.Release|x86.ActiveCfg = Release|Any CPU
		{065A7EFB-D894-4C55-A8E9-65BC041BEE94}.Release|x86.Build.0 = Release|Any CPU
		{8BFCCF78-D355-47EE-866E-3AB8564DE027}.Debug|Any CPU.ActiveCfg = Debug|Any CPU
		{8BFCCF78-D355-47EE-866E-3AB8564DE027}.Debug|Any CPU.Build.0 = Debug|Any CPU
		{8BFCCF78-D355-47EE-866E-3AB8564DE027}.Debug|x64.ActiveCfg = Debug|Any CPU
		{8BFCCF78-D355-47EE-866E-3AB8564DE027}.Debug|x64.Build.0 = Debug|Any CPU
		{8BFCCF78-D355-47EE-866E-3AB8564DE027}.Debug|x86.ActiveCfg = Debug|Any CPU
		{8BFCCF78-D355-47EE-866E-3AB8564DE027}.Debug|x86.Build.0 = Debug|Any CPU
		{8BFCCF78-D355-47EE-866E-3AB8564DE027}.Release|Any CPU.ActiveCfg = Release|Any CPU
		{8BFCCF78-D355-47EE-866E-3AB8564DE027}.Release|Any CPU.Build.0 = Release|Any CPU
		{8BFCCF78-D355-47EE-866E-3AB8564DE027}.Release|x64.ActiveCfg = Release|Any CPU
		{8BFCCF78-D355-47EE-866E-3AB8564DE027}.Release|x64.Build.0 = Release|Any CPU
		{8BFCCF78-D355-47EE-866E-3AB8564DE027}.Release|x86.ActiveCfg = Release|Any CPU
		{8BFCCF78-D355-47EE-866E-3AB8564DE027}.Release|x86.Build.0 = Release|Any CPU
		{8C3F002D-55FE-46FD-A6BE-739C17EE9414}.Debug|Any CPU.ActiveCfg = Debug|Any CPU
		{8C3F002D-55FE-46FD-A6BE-739C17EE9414}.Debug|Any CPU.Build.0 = Debug|Any CPU
		{8C3F002D-55FE-46FD-A6BE-739C17EE9414}.Debug|x64.ActiveCfg = Debug|Any CPU
		{8C3F002D-55FE-46FD-A6BE-739C17EE9414}.Debug|x64.Build.0 = Debug|Any CPU
		{8C3F002D-55FE-46FD-A6BE-739C17EE9414}.Debug|x86.ActiveCfg = Debug|Any CPU
		{8C3F002D-55FE-46FD-A6BE-739C17EE9414}.Debug|x86.Build.0 = Debug|Any CPU
		{8C3F002D-55FE-46FD-A6BE-739C17EE9414}.Release|Any CPU.ActiveCfg = Release|Any CPU
		{8C3F002D-55FE-46FD-A6BE-739C17EE9414}.Release|Any CPU.Build.0 = Release|Any CPU
		{8C3F002D-55FE-46FD-A6BE-739C17EE9414}.Release|x64.ActiveCfg = Release|Any CPU
		{8C3F002D-55FE-46FD-A6BE-739C17EE9414}.Release|x64.Build.0 = Release|Any CPU
		{8C3F002D-55FE-46FD-A6BE-739C17EE9414}.Release|x86.ActiveCfg = Release|Any CPU
		{8C3F002D-55FE-46FD-A6BE-739C17EE9414}.Release|x86.Build.0 = Release|Any CPU
		{B18A2EF4-E29C-4FFB-B22C-C02F04ED073B}.Debug|Any CPU.ActiveCfg = Debug|Any CPU
		{B18A2EF4-E29C-4FFB-B22C-C02F04ED073B}.Debug|Any CPU.Build.0 = Debug|Any CPU
		{B18A2EF4-E29C-4FFB-B22C-C02F04ED073B}.Debug|x64.ActiveCfg = Debug|Any CPU
		{B18A2EF4-E29C-4FFB-B22C-C02F04ED073B}.Debug|x64.Build.0 = Debug|Any CPU
		{B18A2EF4-E29C-4FFB-B22C-C02F04ED073B}.Debug|x86.ActiveCfg = Debug|Any CPU
		{B18A2EF4-E29C-4FFB-B22C-C02F04ED073B}.Debug|x86.Build.0 = Debug|Any CPU
		{B18A2EF4-E29C-4FFB-B22C-C02F04ED073B}.Release|Any CPU.ActiveCfg = Release|Any CPU
		{B18A2EF4-E29C-4FFB-B22C-C02F04ED073B}.Release|Any CPU.Build.0 = Release|Any CPU
		{B18A2EF4-E29C-4FFB-B22C-C02F04ED073B}.Release|x64.ActiveCfg = Release|Any CPU
		{B18A2EF4-E29C-4FFB-B22C-C02F04ED073B}.Release|x64.Build.0 = Release|Any CPU
		{B18A2EF4-E29C-4FFB-B22C-C02F04ED073B}.Release|x86.ActiveCfg = Release|Any CPU
		{B18A2EF4-E29C-4FFB-B22C-C02F04ED073B}.Release|x86.Build.0 = Release|Any CPU
		{DDB661A1-ABE2-4E67-BBE0-95CCCCB92D35}.Debug|Any CPU.ActiveCfg = Debug|Any CPU
		{DDB661A1-ABE2-4E67-BBE0-95CCCCB92D35}.Debug|Any CPU.Build.0 = Debug|Any CPU
		{DDB661A1-ABE2-4E67-BBE0-95CCCCB92D35}.Debug|x64.ActiveCfg = Debug|Any CPU
		{DDB661A1-ABE2-4E67-BBE0-95CCCCB92D35}.Debug|x64.Build.0 = Debug|Any CPU
		{DDB661A1-ABE2-4E67-BBE0-95CCCCB92D35}.Debug|x86.ActiveCfg = Debug|Any CPU
		{DDB661A1-ABE2-4E67-BBE0-95CCCCB92D35}.Debug|x86.Build.0 = Debug|Any CPU
		{DDB661A1-ABE2-4E67-BBE0-95CCCCB92D35}.Release|Any CPU.ActiveCfg = Release|Any CPU
		{DDB661A1-ABE2-4E67-BBE0-95CCCCB92D35}.Release|Any CPU.Build.0 = Release|Any CPU
		{DDB661A1-ABE2-4E67-BBE0-95CCCCB92D35}.Release|x64.ActiveCfg = Release|Any CPU
		{DDB661A1-ABE2-4E67-BBE0-95CCCCB92D35}.Release|x64.Build.0 = Release|Any CPU
		{DDB661A1-ABE2-4E67-BBE0-95CCCCB92D35}.Release|x86.ActiveCfg = Release|Any CPU
		{DDB661A1-ABE2-4E67-BBE0-95CCCCB92D35}.Release|x86.Build.0 = Release|Any CPU
		{05A93EB7-C1B8-4330-A357-6F077C5B0983}.Debug|Any CPU.ActiveCfg = Debug|Any CPU
		{05A93EB7-C1B8-4330-A357-6F077C5B0983}.Debug|Any CPU.Build.0 = Debug|Any CPU
		{05A93EB7-C1B8-4330-A357-6F077C5B0983}.Debug|x64.ActiveCfg = Debug|Any CPU
		{05A93EB7-C1B8-4330-A357-6F077C5B0983}.Debug|x64.Build.0 = Debug|Any CPU
		{05A93EB7-C1B8-4330-A357-6F077C5B0983}.Debug|x86.ActiveCfg = Debug|Any CPU
		{05A93EB7-C1B8-4330-A357-6F077C5B0983}.Debug|x86.Build.0 = Debug|Any CPU
		{05A93EB7-C1B8-4330-A357-6F077C5B0983}.Release|Any CPU.ActiveCfg = Release|Any CPU
		{05A93EB7-C1B8-4330-A357-6F077C5B0983}.Release|Any CPU.Build.0 = Release|Any CPU
		{05A93EB7-C1B8-4330-A357-6F077C5B0983}.Release|x64.ActiveCfg = Release|Any CPU
		{05A93EB7-C1B8-4330-A357-6F077C5B0983}.Release|x64.Build.0 = Release|Any CPU
		{05A93EB7-C1B8-4330-A357-6F077C5B0983}.Release|x86.ActiveCfg = Release|Any CPU
		{05A93EB7-C1B8-4330-A357-6F077C5B0983}.Release|x86.Build.0 = Release|Any CPU
		{F33B5326-D37B-4E21-B3FD-527434340E35}.Debug|Any CPU.ActiveCfg = Debug|Any CPU
		{F33B5326-D37B-4E21-B3FD-527434340E35}.Debug|Any CPU.Build.0 = Debug|Any CPU
		{F33B5326-D37B-4E21-B3FD-527434340E35}.Debug|x64.ActiveCfg = Debug|Any CPU
		{F33B5326-D37B-4E21-B3FD-527434340E35}.Debug|x64.Build.0 = Debug|Any CPU
		{F33B5326-D37B-4E21-B3FD-527434340E35}.Debug|x86.ActiveCfg = Debug|Any CPU
		{F33B5326-D37B-4E21-B3FD-527434340E35}.Debug|x86.Build.0 = Debug|Any CPU
		{F33B5326-D37B-4E21-B3FD-527434340E35}.Release|Any CPU.ActiveCfg = Release|Any CPU
		{F33B5326-D37B-4E21-B3FD-527434340E35}.Release|Any CPU.Build.0 = Release|Any CPU
		{F33B5326-D37B-4E21-B3FD-527434340E35}.Release|x64.ActiveCfg = Release|Any CPU
		{F33B5326-D37B-4E21-B3FD-527434340E35}.Release|x64.Build.0 = Release|Any CPU
		{F33B5326-D37B-4E21-B3FD-527434340E35}.Release|x86.ActiveCfg = Release|Any CPU
		{F33B5326-D37B-4E21-B3FD-527434340E35}.Release|x86.Build.0 = Release|Any CPU
		{9635A70A-E25F-4615-9737-A49BCB44CF0C}.Debug|Any CPU.ActiveCfg = Debug|Any CPU
		{9635A70A-E25F-4615-9737-A49BCB44CF0C}.Debug|Any CPU.Build.0 = Debug|Any CPU
		{9635A70A-E25F-4615-9737-A49BCB44CF0C}.Debug|x64.ActiveCfg = Debug|Any CPU
		{9635A70A-E25F-4615-9737-A49BCB44CF0C}.Debug|x64.Build.0 = Debug|Any CPU
		{9635A70A-E25F-4615-9737-A49BCB44CF0C}.Debug|x86.ActiveCfg = Debug|Any CPU
		{9635A70A-E25F-4615-9737-A49BCB44CF0C}.Debug|x86.Build.0 = Debug|Any CPU
		{9635A70A-E25F-4615-9737-A49BCB44CF0C}.Release|Any CPU.ActiveCfg = Release|Any CPU
		{9635A70A-E25F-4615-9737-A49BCB44CF0C}.Release|Any CPU.Build.0 = Release|Any CPU
		{9635A70A-E25F-4615-9737-A49BCB44CF0C}.Release|x64.ActiveCfg = Release|Any CPU
		{9635A70A-E25F-4615-9737-A49BCB44CF0C}.Release|x64.Build.0 = Release|Any CPU
		{9635A70A-E25F-4615-9737-A49BCB44CF0C}.Release|x86.ActiveCfg = Release|Any CPU
		{9635A70A-E25F-4615-9737-A49BCB44CF0C}.Release|x86.Build.0 = Release|Any CPU
		{5B8C8AB0-B4C4-49CC-8D47-ED53093B67FD}.Debug|Any CPU.ActiveCfg = Debug|Any CPU
		{5B8C8AB0-B4C4-49CC-8D47-ED53093B67FD}.Debug|Any CPU.Build.0 = Debug|Any CPU
		{5B8C8AB0-B4C4-49CC-8D47-ED53093B67FD}.Debug|x64.ActiveCfg = Debug|Any CPU
		{5B8C8AB0-B4C4-49CC-8D47-ED53093B67FD}.Debug|x64.Build.0 = Debug|Any CPU
		{5B8C8AB0-B4C4-49CC-8D47-ED53093B67FD}.Debug|x86.ActiveCfg = Debug|Any CPU
		{5B8C8AB0-B4C4-49CC-8D47-ED53093B67FD}.Debug|x86.Build.0 = Debug|Any CPU
		{5B8C8AB0-B4C4-49CC-8D47-ED53093B67FD}.Release|Any CPU.ActiveCfg = Release|Any CPU
		{5B8C8AB0-B4C4-49CC-8D47-ED53093B67FD}.Release|Any CPU.Build.0 = Release|Any CPU
		{5B8C8AB0-B4C4-49CC-8D47-ED53093B67FD}.Release|x64.ActiveCfg = Release|Any CPU
		{5B8C8AB0-B4C4-49CC-8D47-ED53093B67FD}.Release|x64.Build.0 = Release|Any CPU
		{5B8C8AB0-B4C4-49CC-8D47-ED53093B67FD}.Release|x86.ActiveCfg = Release|Any CPU
		{5B8C8AB0-B4C4-49CC-8D47-ED53093B67FD}.Release|x86.Build.0 = Release|Any CPU
		{306BEF7E-D21F-421F-A4A6-78A3DD65A250}.Debug|Any CPU.ActiveCfg = Debug|Any CPU
		{306BEF7E-D21F-421F-A4A6-78A3DD65A250}.Debug|Any CPU.Build.0 = Debug|Any CPU
		{306BEF7E-D21F-421F-A4A6-78A3DD65A250}.Debug|x64.ActiveCfg = Debug|Any CPU
		{306BEF7E-D21F-421F-A4A6-78A3DD65A250}.Debug|x64.Build.0 = Debug|Any CPU
		{306BEF7E-D21F-421F-A4A6-78A3DD65A250}.Debug|x86.ActiveCfg = Debug|Any CPU
		{306BEF7E-D21F-421F-A4A6-78A3DD65A250}.Debug|x86.Build.0 = Debug|Any CPU
		{306BEF7E-D21F-421F-A4A6-78A3DD65A250}.Release|Any CPU.ActiveCfg = Release|Any CPU
		{306BEF7E-D21F-421F-A4A6-78A3DD65A250}.Release|Any CPU.Build.0 = Release|Any CPU
		{306BEF7E-D21F-421F-A4A6-78A3DD65A250}.Release|x64.ActiveCfg = Release|Any CPU
		{306BEF7E-D21F-421F-A4A6-78A3DD65A250}.Release|x64.Build.0 = Release|Any CPU
		{306BEF7E-D21F-421F-A4A6-78A3DD65A250}.Release|x86.ActiveCfg = Release|Any CPU
		{306BEF7E-D21F-421F-A4A6-78A3DD65A250}.Release|x86.Build.0 = Release|Any CPU
		{0505ED27-65EB-4FB1-AE21-36504F844FA6}.Debug|Any CPU.ActiveCfg = Debug|Any CPU
		{0505ED27-65EB-4FB1-AE21-36504F844FA6}.Debug|Any CPU.Build.0 = Debug|Any CPU
		{0505ED27-65EB-4FB1-AE21-36504F844FA6}.Debug|x64.ActiveCfg = Debug|Any CPU
		{0505ED27-65EB-4FB1-AE21-36504F844FA6}.Debug|x64.Build.0 = Debug|Any CPU
		{0505ED27-65EB-4FB1-AE21-36504F844FA6}.Debug|x86.ActiveCfg = Debug|Any CPU
		{0505ED27-65EB-4FB1-AE21-36504F844FA6}.Debug|x86.Build.0 = Debug|Any CPU
		{0505ED27-65EB-4FB1-AE21-36504F844FA6}.Release|Any CPU.ActiveCfg = Release|Any CPU
		{0505ED27-65EB-4FB1-AE21-36504F844FA6}.Release|Any CPU.Build.0 = Release|Any CPU
		{0505ED27-65EB-4FB1-AE21-36504F844FA6}.Release|x64.ActiveCfg = Release|Any CPU
		{0505ED27-65EB-4FB1-AE21-36504F844FA6}.Release|x64.Build.0 = Release|Any CPU
		{0505ED27-65EB-4FB1-AE21-36504F844FA6}.Release|x86.ActiveCfg = Release|Any CPU
		{0505ED27-65EB-4FB1-AE21-36504F844FA6}.Release|x86.Build.0 = Release|Any CPU
		{DEB53AF6-3304-473C-AA08-9FD329B58834}.Debug|Any CPU.ActiveCfg = Debug|Any CPU
		{DEB53AF6-3304-473C-AA08-9FD329B58834}.Debug|Any CPU.Build.0 = Debug|Any CPU
		{DEB53AF6-3304-473C-AA08-9FD329B58834}.Debug|x64.ActiveCfg = Debug|Any CPU
		{DEB53AF6-3304-473C-AA08-9FD329B58834}.Debug|x64.Build.0 = Debug|Any CPU
		{DEB53AF6-3304-473C-AA08-9FD329B58834}.Debug|x86.ActiveCfg = Debug|Any CPU
		{DEB53AF6-3304-473C-AA08-9FD329B58834}.Debug|x86.Build.0 = Debug|Any CPU
		{DEB53AF6-3304-473C-AA08-9FD329B58834}.Release|Any CPU.ActiveCfg = Release|Any CPU
		{DEB53AF6-3304-473C-AA08-9FD329B58834}.Release|Any CPU.Build.0 = Release|Any CPU
		{DEB53AF6-3304-473C-AA08-9FD329B58834}.Release|x64.ActiveCfg = Release|Any CPU
		{DEB53AF6-3304-473C-AA08-9FD329B58834}.Release|x64.Build.0 = Release|Any CPU
		{DEB53AF6-3304-473C-AA08-9FD329B58834}.Release|x86.ActiveCfg = Release|Any CPU
		{DEB53AF6-3304-473C-AA08-9FD329B58834}.Release|x86.Build.0 = Release|Any CPU
		{831BD0CD-2202-41EA-88B9-7DDE7BE6FEB5}.Debug|Any CPU.ActiveCfg = Debug|Any CPU
		{831BD0CD-2202-41EA-88B9-7DDE7BE6FEB5}.Debug|Any CPU.Build.0 = Debug|Any CPU
		{831BD0CD-2202-41EA-88B9-7DDE7BE6FEB5}.Debug|x64.ActiveCfg = Debug|Any CPU
		{831BD0CD-2202-41EA-88B9-7DDE7BE6FEB5}.Debug|x64.Build.0 = Debug|Any CPU
		{831BD0CD-2202-41EA-88B9-7DDE7BE6FEB5}.Debug|x86.ActiveCfg = Debug|Any CPU
		{831BD0CD-2202-41EA-88B9-7DDE7BE6FEB5}.Debug|x86.Build.0 = Debug|Any CPU
		{831BD0CD-2202-41EA-88B9-7DDE7BE6FEB5}.Release|Any CPU.ActiveCfg = Release|Any CPU
		{831BD0CD-2202-41EA-88B9-7DDE7BE6FEB5}.Release|Any CPU.Build.0 = Release|Any CPU
		{831BD0CD-2202-41EA-88B9-7DDE7BE6FEB5}.Release|x64.ActiveCfg = Release|Any CPU
		{831BD0CD-2202-41EA-88B9-7DDE7BE6FEB5}.Release|x64.Build.0 = Release|Any CPU
		{831BD0CD-2202-41EA-88B9-7DDE7BE6FEB5}.Release|x86.ActiveCfg = Release|Any CPU
		{831BD0CD-2202-41EA-88B9-7DDE7BE6FEB5}.Release|x86.Build.0 = Release|Any CPU
		{EDD5F749-6C91-4991-827B-4CB575B142F7}.Debug|Any CPU.ActiveCfg = Debug|Any CPU
		{EDD5F749-6C91-4991-827B-4CB575B142F7}.Debug|Any CPU.Build.0 = Debug|Any CPU
		{EDD5F749-6C91-4991-827B-4CB575B142F7}.Debug|x64.ActiveCfg = Debug|Any CPU
		{EDD5F749-6C91-4991-827B-4CB575B142F7}.Debug|x64.Build.0 = Debug|Any CPU
		{EDD5F749-6C91-4991-827B-4CB575B142F7}.Debug|x86.ActiveCfg = Debug|Any CPU
		{EDD5F749-6C91-4991-827B-4CB575B142F7}.Debug|x86.Build.0 = Debug|Any CPU
		{EDD5F749-6C91-4991-827B-4CB575B142F7}.Release|Any CPU.ActiveCfg = Release|Any CPU
		{EDD5F749-6C91-4991-827B-4CB575B142F7}.Release|Any CPU.Build.0 = Release|Any CPU
		{EDD5F749-6C91-4991-827B-4CB575B142F7}.Release|x64.ActiveCfg = Release|Any CPU
		{EDD5F749-6C91-4991-827B-4CB575B142F7}.Release|x64.Build.0 = Release|Any CPU
		{EDD5F749-6C91-4991-827B-4CB575B142F7}.Release|x86.ActiveCfg = Release|Any CPU
		{EDD5F749-6C91-4991-827B-4CB575B142F7}.Release|x86.Build.0 = Release|Any CPU
		{CA4791BA-42F2-46C9-9E43-A43B32CF8DC7}.Debug|Any CPU.ActiveCfg = Debug|Any CPU
		{CA4791BA-42F2-46C9-9E43-A43B32CF8DC7}.Debug|Any CPU.Build.0 = Debug|Any CPU
		{CA4791BA-42F2-46C9-9E43-A43B32CF8DC7}.Debug|x64.ActiveCfg = Debug|Any CPU
		{CA4791BA-42F2-46C9-9E43-A43B32CF8DC7}.Debug|x64.Build.0 = Debug|Any CPU
		{CA4791BA-42F2-46C9-9E43-A43B32CF8DC7}.Debug|x86.ActiveCfg = Debug|Any CPU
		{CA4791BA-42F2-46C9-9E43-A43B32CF8DC7}.Debug|x86.Build.0 = Debug|Any CPU
		{CA4791BA-42F2-46C9-9E43-A43B32CF8DC7}.Release|Any CPU.ActiveCfg = Release|Any CPU
		{CA4791BA-42F2-46C9-9E43-A43B32CF8DC7}.Release|Any CPU.Build.0 = Release|Any CPU
		{CA4791BA-42F2-46C9-9E43-A43B32CF8DC7}.Release|x64.ActiveCfg = Release|Any CPU
		{CA4791BA-42F2-46C9-9E43-A43B32CF8DC7}.Release|x64.Build.0 = Release|Any CPU
		{CA4791BA-42F2-46C9-9E43-A43B32CF8DC7}.Release|x86.ActiveCfg = Release|Any CPU
		{CA4791BA-42F2-46C9-9E43-A43B32CF8DC7}.Release|x86.Build.0 = Release|Any CPU
		{85FF678A-7D3A-4094-8DAC-63276B5C854B}.Debug|Any CPU.ActiveCfg = Debug|Any CPU
		{85FF678A-7D3A-4094-8DAC-63276B5C854B}.Debug|Any CPU.Build.0 = Debug|Any CPU
		{85FF678A-7D3A-4094-8DAC-63276B5C854B}.Debug|x64.ActiveCfg = Debug|Any CPU
		{85FF678A-7D3A-4094-8DAC-63276B5C854B}.Debug|x64.Build.0 = Debug|Any CPU
		{85FF678A-7D3A-4094-8DAC-63276B5C854B}.Debug|x86.ActiveCfg = Debug|Any CPU
		{85FF678A-7D3A-4094-8DAC-63276B5C854B}.Debug|x86.Build.0 = Debug|Any CPU
		{85FF678A-7D3A-4094-8DAC-63276B5C854B}.Release|Any CPU.ActiveCfg = Release|Any CPU
		{85FF678A-7D3A-4094-8DAC-63276B5C854B}.Release|Any CPU.Build.0 = Release|Any CPU
		{85FF678A-7D3A-4094-8DAC-63276B5C854B}.Release|x64.ActiveCfg = Release|Any CPU
		{85FF678A-7D3A-4094-8DAC-63276B5C854B}.Release|x64.Build.0 = Release|Any CPU
		{85FF678A-7D3A-4094-8DAC-63276B5C854B}.Release|x86.ActiveCfg = Release|Any CPU
		{85FF678A-7D3A-4094-8DAC-63276B5C854B}.Release|x86.Build.0 = Release|Any CPU
		{6AEC2AB9-4917-4C0B-844B-B55AD371C99F}.Debug|Any CPU.ActiveCfg = Debug|Any CPU
		{6AEC2AB9-4917-4C0B-844B-B55AD371C99F}.Debug|Any CPU.Build.0 = Debug|Any CPU
		{6AEC2AB9-4917-4C0B-844B-B55AD371C99F}.Debug|x64.ActiveCfg = Debug|Any CPU
		{6AEC2AB9-4917-4C0B-844B-B55AD371C99F}.Debug|x64.Build.0 = Debug|Any CPU
		{6AEC2AB9-4917-4C0B-844B-B55AD371C99F}.Debug|x86.ActiveCfg = Debug|Any CPU
		{6AEC2AB9-4917-4C0B-844B-B55AD371C99F}.Debug|x86.Build.0 = Debug|Any CPU
		{6AEC2AB9-4917-4C0B-844B-B55AD371C99F}.Release|Any CPU.ActiveCfg = Release|Any CPU
		{6AEC2AB9-4917-4C0B-844B-B55AD371C99F}.Release|Any CPU.Build.0 = Release|Any CPU
		{6AEC2AB9-4917-4C0B-844B-B55AD371C99F}.Release|x64.ActiveCfg = Release|Any CPU
		{6AEC2AB9-4917-4C0B-844B-B55AD371C99F}.Release|x64.Build.0 = Release|Any CPU
		{6AEC2AB9-4917-4C0B-844B-B55AD371C99F}.Release|x86.ActiveCfg = Release|Any CPU
		{6AEC2AB9-4917-4C0B-844B-B55AD371C99F}.Release|x86.Build.0 = Release|Any CPU
		{ABF94D89-0189-4166-9E42-46015C5F4B50}.Debug|Any CPU.ActiveCfg = Debug|Any CPU
		{ABF94D89-0189-4166-9E42-46015C5F4B50}.Debug|Any CPU.Build.0 = Debug|Any CPU
		{ABF94D89-0189-4166-9E42-46015C5F4B50}.Debug|x64.ActiveCfg = Debug|Any CPU
		{ABF94D89-0189-4166-9E42-46015C5F4B50}.Debug|x64.Build.0 = Debug|Any CPU
		{ABF94D89-0189-4166-9E42-46015C5F4B50}.Debug|x86.ActiveCfg = Debug|Any CPU
		{ABF94D89-0189-4166-9E42-46015C5F4B50}.Debug|x86.Build.0 = Debug|Any CPU
		{ABF94D89-0189-4166-9E42-46015C5F4B50}.Release|Any CPU.ActiveCfg = Release|Any CPU
		{ABF94D89-0189-4166-9E42-46015C5F4B50}.Release|Any CPU.Build.0 = Release|Any CPU
		{ABF94D89-0189-4166-9E42-46015C5F4B50}.Release|x64.ActiveCfg = Release|Any CPU
		{ABF94D89-0189-4166-9E42-46015C5F4B50}.Release|x64.Build.0 = Release|Any CPU
		{ABF94D89-0189-4166-9E42-46015C5F4B50}.Release|x86.ActiveCfg = Release|Any CPU
		{ABF94D89-0189-4166-9E42-46015C5F4B50}.Release|x86.Build.0 = Release|Any CPU
	EndGlobalSection
	GlobalSection(SolutionProperties) = preSolution
		HideSolutionNode = FALSE
	EndGlobalSection
	GlobalSection(ExtensibilityGlobals) = postSolution
		SolutionGuid = {1B0B5594-002A-4F0A-B54A-846B09D3C414}
	EndGlobalSection
EndGlobal
